
Microsoft Visual Studio Solution File, Format Version 12.00
# Visual Studio 15
VisualStudioVersion = 15.0.27130.2036
MinimumVisualStudioVersion = 10.0.40219.1
Project("{FAE04EC0-301F-11D3-BF4B-00C04F79EFBC}") = "TestEX3-KFS", "TestEX3-KFS\TestEX3-KFS.csproj", "{C22DFC62-DCD5-4348-9BCF-82F1E49F848A}"
EndProject
Project("{FAE04EC0-301F-11D3-BF4B-00C04F79EFBC}") = "XUnitTestProject1", "XUnitTestProject1\XUnitTestProject1.csproj", "{12F7B6D4-456E-443A-89AA-2AFE46A947ED}"
EndProject
Global
	GlobalSection(SolutionConfigurationPlatforms) = preSolution
		Debug|Any CPU = Debug|Any CPU
		Release|Any CPU = Release|Any CPU
	EndGlobalSection
	GlobalSection(ProjectConfigurationPlatforms) = postSolution
		{C22DFC62-DCD5-4348-9BCF-82F1E49F848A}.Debug|Any CPU.ActiveCfg = Debug|Any CPU
		{C22DFC62-DCD5-4348-9BCF-82F1E49F848A}.Debug|Any CPU.Build.0 = Debug|Any CPU
		{C22DFC62-DCD5-4348-9BCF-82F1E49F848A}.Release|Any CPU.ActiveCfg = Release|Any CPU
		{C22DFC62-DCD5-4348-9BCF-82F1E49F848A}.Release|Any CPU.Build.0 = Release|Any CPU
		{12F7B6D4-456E-443A-89AA-2AFE46A947ED}.Debug|Any CPU.ActiveCfg = Debug|Any CPU
		{12F7B6D4-456E-443A-89AA-2AFE46A947ED}.Debug|Any CPU.Build.0 = Debug|Any CPU
		{12F7B6D4-456E-443A-89AA-2AFE46A947ED}.Release|Any CPU.ActiveCfg = Release|Any CPU
		{12F7B6D4-456E-443A-89AA-2AFE46A947ED}.Release|Any CPU.Build.0 = Release|Any CPU
	EndGlobalSection
	GlobalSection(SolutionProperties) = preSolution
		HideSolutionNode = FALSE
	EndGlobalSection
	GlobalSection(ExtensibilityGlobals) = postSolution
		SolutionGuid = {80FB22B8-C389-4776-865E-70212C33665E}
	EndGlobalSection
EndGlobal
